
Microsoft Visual Studio Solution File, Format Version 12.00
# Visual Studio 14
VisualStudioVersion = 14.0.25420.1
MinimumVisualStudioVersion = 10.0.40219.1
Project("{FAE04EC0-301F-11D3-BF4B-00C04F79EFBC}") = "Netduino_Xbee_Essai", "Netduino_Zigbee_Essai\Netduino_Xbee_Essai.csproj", "{AC3636DC-54A7-474D-9759-D79F91FDDEA1}"
EndProject
Global
	GlobalSection(SolutionConfigurationPlatforms) = preSolution
		Debug|Any CPU = Debug|Any CPU
		Release|Any CPU = Release|Any CPU
	EndGlobalSection
	GlobalSection(ProjectConfigurationPlatforms) = postSolution
		{AC3636DC-54A7-474D-9759-D79F91FDDEA1}.Debug|Any CPU.ActiveCfg = Debug|Any CPU
		{AC3636DC-54A7-474D-9759-D79F91FDDEA1}.Debug|Any CPU.Build.0 = Debug|Any CPU
		{AC3636DC-54A7-474D-9759-D79F91FDDEA1}.Debug|Any CPU.Deploy.0 = Debug|Any CPU
		{AC3636DC-54A7-474D-9759-D79F91FDDEA1}.Release|Any CPU.ActiveCfg = Release|Any CPU
		{AC3636DC-54A7-474D-9759-D79F91FDDEA1}.Release|Any CPU.Build.0 = Release|Any CPU
		{AC3636DC-54A7-474D-9759-D79F91FDDEA1}.Release|Any CPU.Deploy.0 = Release|Any CPU
	EndGlobalSection
	GlobalSection(SolutionProperties) = preSolution
		HideSolutionNode = FALSE
	EndGlobalSection
EndGlobal
